{
    "_readme": [
        "This file locks the dependencies of your project to a known state",
        "Read more about it at https://getcomposer.org/doc/01-basic-usage.md#installing-dependencies",
        "This file is @generated automatically"
    ],
    "content-hash": "6fb186689091c9dcb50b021f73358ef9",
    "packages": [
        {
            "name": "almeyda/fileversion",
            "version": "dev-master",
            "source": {
                "type": "git",
                "url": "https://github.com/willarin/fileversion.git",
                "reference": "7e8323ad56cbc8b4aa508862e9758be3758564a9"
            },
            "dist": {
                "type": "zip",
                "url": "https://api.github.com/repos/willarin/fileversion/zipball/7e8323ad56cbc8b4aa508862e9758be3758564a9",
                "reference": "7e8323ad56cbc8b4aa508862e9758be3758564a9",
                "shasum": ""
            },
            "require": {
                "php": ">=5.5.0"
            },
            "default-branch": true,
            "type": "php-extension",
            "autoload": {
                "psr-4": {
                    "almeyda\\fileversion\\": ""
                }
            },
            "notification-url": "https://packagist.org/downloads/",
            "license": [
                "BSD-3-Clause"
            ],
            "authors": [
                {
                    "name": "Dmitriy Evdokimov",
                    "email": "dmitriy@almeydahost.com",
                    "role": "Developer"
                }
            ],
            "description": "automatically timestamp file version based on the latest modification date",
            "keywords": [
                "anti cache",
                "file version",
                "php"
            ],
            "support": {
                "issues": "https://github.com/willarin/fileversion/issues",
                "source": "https://github.com/willarin/fileversion/tree/master"
            },
            "time": "2020-12-05T21:14:55+00:00"
        },
        {
            "name": "almeyda/html-picture-element",
            "version": "dev-master",
            "source": {
                "type": "git",
                "url": "https://github.com/willarin/html-picture-element.git",
                "reference": "f6569c8b407c49b24897ba8b8a57f469c7dd93e6"
            },
            "dist": {
                "type": "zip",
                "url": "https://api.github.com/repos/willarin/html-picture-element/zipball/f6569c8b407c49b24897ba8b8a57f469c7dd93e6",
                "reference": "f6569c8b407c49b24897ba8b8a57f469c7dd93e6",
                "shasum": ""
            },
            "require": {
                "almeyda/fileversion": "*",
                "php": ">=5.5.0"
            },
            "default-branch": true,
            "type": "php-extension",
            "autoload": {
                "psr-4": {
                    "almeyda\\htmlpicture\\": ""
                }
            },
            "notification-url": "https://packagist.org/downloads/",
            "license": [
                "BSD-3-Clause"
            ],
            "authors": [
                {
                    "name": "Dmitriy Evdokimov",
                    "email": "dmitriy@almeydahost.com",
                    "role": "Developer"
                }
            ],
            "description": "Generates picture html tag with different types of sources",
            "keywords": [
                "element",
                "html",
                "php",
                "picture"
            ],
            "support": {
                "issues": "https://github.com/willarin/html-picture-element/issues",
                "source": "https://github.com/willarin/html-picture-element/tree/master"
            },
            "time": "2023-11-23T16:05:53+00:00"
        },
        {
            "name": "squizlabs/php_codesniffer",
            "version": "4.0.x-dev",
            "source": {
                "type": "git",
                "url": "https://github.com/PHPCSStandards/PHP_CodeSniffer.git",
                "reference": "af2a2cb362b006440ed6ae512381fd35b67ac370"
            },
            "dist": {
                "type": "zip",
                "url": "https://api.github.com/repos/PHPCSStandards/PHP_CodeSniffer/zipball/af2a2cb362b006440ed6ae512381fd35b67ac370",
                "reference": "af2a2cb362b006440ed6ae512381fd35b67ac370",
                "shasum": ""
            },
            "require": {
                "ext-simplexml": "*",
                "ext-tokenizer": "*",
                "ext-xmlwriter": "*",
                "php": ">=7.2.0"
            },
            "require-dev": {
                "phpunit/phpunit": "^8.0 || ^9.0"
            },
            "bin": [
                "bin/phpcbf",
                "bin/phpcs"
            ],
            "type": "library",
            "extra": {
                "branch-alias": {
                    "dev-master": "3.x-dev"
                }
            },
            "notification-url": "https://packagist.org/downloads/",
            "license": [
                "BSD-3-Clause"
            ],
            "authors": [
                {
                    "name": "Greg Sherwood",
                    "role": "Former lead"
                },
                {
                    "name": "Juliette Reinders Folmer",
                    "role": "Current lead"
                },
                {
                    "name": "Contributors",
                    "homepage": "https://github.com/PHPCSStandards/PHP_CodeSniffer/graphs/contributors"
                }
            ],
            "description": "PHP_CodeSniffer tokenizes PHP files and detects violations of a defined set of coding standards.",
            "homepage": "https://github.com/PHPCSStandards/PHP_CodeSniffer",
            "keywords": [
                "phpcs",
                "standards",
                "static analysis"
            ],
            "support": {
                "issues": "https://github.com/PHPCSStandards/PHP_CodeSniffer/issues",
                "security": "https://github.com/PHPCSStandards/PHP_CodeSniffer/security/policy",
                "source": "https://github.com/PHPCSStandards/PHP_CodeSniffer",
                "wiki": "https://github.com/PHPCSStandards/PHP_CodeSniffer/wiki"
            },
            "funding": [
                {
                    "url": "https://github.com/PHPCSStandards",
                    "type": "github"
                },
                {
                    "url": "https://github.com/jrfnl",
                    "type": "github"
                },
                {
                    "url": "https://opencollective.com/php_codesniffer",
                    "type": "open_collective"
                }
            ],
            "time": "2024-01-06T09:23:43+00:00"
        }
    ],
    "packages-dev": [],
    "aliases": [],
    "minimum-stability": "dev",
    "stability-flags": [],
    "prefer-stable": false,
    "prefer-lowest": false,
    "platform": {
        "php": ">=8.0.0"
    },
    "platform-dev": [],
    "plugin-api-version": "2.3.0"
}
